
Microsoft Visual Studio Solution File, Format Version 12.00
# Visual Studio Version 17
VisualStudioVersion = 17.6.33815.320
MinimumVisualStudioVersion = 10.0.40219.1
Project("{FAE04EC0-301F-11D3-BF4B-00C04F79EFBC}") = "CornwayGame.Web", "CornwayGame.Web\CornwayGame.Web.csproj", "{CBC10E31-5EE0-469E-8910-606FCE12C35C}"
EndProject
Global
	GlobalSection(SolutionConfigurationPlatforms) = preSolution
		Debug|Any CPU = Debug|Any CPU
		Release|Any CPU = Release|Any CPU
	EndGlobalSection
	GlobalSection(ProjectConfigurationPlatforms) = postSolution
		{CBC10E31-5EE0-469E-8910-606FCE12C35C}.Debug|Any CPU.ActiveCfg = Debug|Any CPU
		{CBC10E31-5EE0-469E-8910-606FCE12C35C}.Debug|Any CPU.Build.0 = Debug|Any CPU
		{CBC10E31-5EE0-469E-8910-606FCE12C35C}.Release|Any CPU.ActiveCfg = Release|Any CPU
		{CBC10E31-5EE0-469E-8910-606FCE12C35C}.Release|Any CPU.Build.0 = Release|Any CPU
	EndGlobalSection
	GlobalSection(SolutionProperties) = preSolution
		HideSolutionNode = FALSE
	EndGlobalSection
	GlobalSection(ExtensibilityGlobals) = postSolution
		SolutionGuid = {B8ABF8EA-6530-4B89-A1B2-5C56DBE176EA}
	EndGlobalSection
EndGlobal
